%{
  "decimal": {:hex, :decimal, "2.1.1", "5611dca5d4b2c3dd497dec8f68751f1f1a54755e8ed2a966c2633cf885973ad6", [:mix], [], "hexpm", "53cfe5f497ed0e7771ae1a475575603d77425099ba5faef9394932b35020ffcc"},
  "protox": {:hex, :protox, "1.7.2", "ed800ae523fa7b7e68a411645922c8061daacfa57aacff2a38d63aa092304a8c", [:mix], [{:decimal, "~> 1.9 or ~> 2.0", [hex: :decimal, repo: "hexpm", optional: false]}, {:jason, "~> 1.2", [hex: :jason, repo: "hexpm", optional: true]}], "hexpm", "02230413186776adac7d05237e17e4d20e69b270ae086fab6f1fffda8094d9b0"},
}
